{
  "name": "test3",
  "version": "1.0.0",
  "lockfileVersion": 3,
  "requires": true,
  "packages": {
    "": {
      "name": "test3",
      "version": "1.0.0",
      "license": "ISC",
      "dependencies": {
        "@bwip-js/node": "^4.5.1"
      }
    },
    "node_modules/@bwip-js/node": {
      "version": "4.5.1",
      "resolved": "https://registry.npmjs.org/@bwip-js/node/-/node-4.5.1.tgz",
      "integrity": "sha512-eqH+qSkBnaGA6SiJUz5qRRTytW/uzeOkuTUNYdRyaI4o54flqHH1h5pynrtpw7Hm7mboH2ag8GdCHN6LcWKrxQ==",
      "license": "MIT"
    }
  }
}
